
Microsoft Visual Studio Solution File, Format Version 12.00
Project("{F184B08F-C81C-45F6-A57F-5ABD9991F28F}") = "DeveloperCore.Xaml", "DeveloperCore.Xaml\DeveloperCore.Xaml.vbproj", "{0778ED93-F8D3-4022-98B1-3507FFFC7113}"
EndProject
Project("{F184B08F-C81C-45F6-A57F-5ABD9991F28F}") = "ConsoleApp1", "ConsoleApp1\ConsoleApp1.vbproj", "{83C68DA8-62D5-4D82-8C10-0F316539A2D1}"
EndProject
Global
	GlobalSection(SolutionConfigurationPlatforms) = preSolution
		Debug|Any CPU = Debug|Any CPU
		Release|Any CPU = Release|Any CPU
	EndGlobalSection
	GlobalSection(ProjectConfigurationPlatforms) = postSolution
		{0778ED93-F8D3-4022-98B1-3507FFFC7113}.Debug|Any CPU.ActiveCfg = Debug|Any CPU
		{0778ED93-F8D3-4022-98B1-3507FFFC7113}.Debug|Any CPU.Build.0 = Debug|Any CPU
		{0778ED93-F8D3-4022-98B1-3507FFFC7113}.Release|Any CPU.ActiveCfg = Release|Any CPU
		{0778ED93-F8D3-4022-98B1-3507FFFC7113}.Release|Any CPU.Build.0 = Release|Any CPU
		{83C68DA8-62D5-4D82-8C10-0F316539A2D1}.Debug|Any CPU.ActiveCfg = Debug|Any CPU
		{83C68DA8-62D5-4D82-8C10-0F316539A2D1}.Debug|Any CPU.Build.0 = Debug|Any CPU
		{83C68DA8-62D5-4D82-8C10-0F316539A2D1}.Release|Any CPU.ActiveCfg = Release|Any CPU
		{83C68DA8-62D5-4D82-8C10-0F316539A2D1}.Release|Any CPU.Build.0 = Release|Any CPU
	EndGlobalSection
EndGlobal
